
Microsoft Visual Studio Solution File, Format Version 12.00
# Visual Studio Version 16
VisualStudioVersion = 16.0.30907.101
MinimumVisualStudioVersion = 10.0.40219.1
Project("{FAE04EC0-301F-11D3-BF4B-00C04F79EFBC}") = "IoTEmulator", "IoTEmulator.csproj", "{20F02DC0-30F6-4FAA-B5B3-027E6E6DB3DE}"
EndProject
Global
	GlobalSection(SolutionConfigurationPlatforms) = preSolution
		Debug|Any CPU = Debug|Any CPU
		Release|Any CPU = Release|Any CPU
	EndGlobalSection
	GlobalSection(ProjectConfigurationPlatforms) = postSolution
		{20F02DC0-30F6-4FAA-B5B3-027E6E6DB3DE}.Debug|Any CPU.ActiveCfg = Debug|Any CPU
		{20F02DC0-30F6-4FAA-B5B3-027E6E6DB3DE}.Debug|Any CPU.Build.0 = Debug|Any CPU
		{20F02DC0-30F6-4FAA-B5B3-027E6E6DB3DE}.Release|Any CPU.ActiveCfg = Release|Any CPU
		{20F02DC0-30F6-4FAA-B5B3-027E6E6DB3DE}.Release|Any CPU.Build.0 = Release|Any CPU
	EndGlobalSection
	GlobalSection(SolutionProperties) = preSolution
		HideSolutionNode = FALSE
	EndGlobalSection
	GlobalSection(ExtensibilityGlobals) = postSolution
		SolutionGuid = {F9CDE05F-954D-4DC1-A03E-A840CBF8F998}
	EndGlobalSection
EndGlobal
